
Microsoft Visual Studio Solution File, Format Version 12.00
Project("{FAE04EC0-301F-11D3-BF4B-00C04F79EFBC}") = "QwackX.Database", "QwackX.Database\QwackX.Database.csproj", "{AE527F73-D313-4432-9516-F77DF110BB03}"
EndProject
Project("{2150E333-8FDC-42A3-9474-1A3956D46DE8}") = "01 DataBase", "01 DataBase", "{BC6C70FB-63B8-4C73-A9C0-D0D7135BBC76}"
EndProject
Project("{2150E333-8FDC-42A3-9474-1A3956D46DE8}") = "02 WebAPI", "02 WebAPI", "{71BAAD93-43F2-4BA7-BC15-352F14CA3B54}"
EndProject
Project("{FAE04EC0-301F-11D3-BF4B-00C04F79EFBC}") = "QwackX.Api.Domain", "QwackX.Api.Domain\QwackX.Api.Domain.csproj", "{853C840F-A9C5-4570-8913-D928D1C922CF}"
EndProject
Project("{FAE04EC0-301F-11D3-BF4B-00C04F79EFBC}") = "QwackX.Api", "QwackX.Api\QwackX.Api.csproj", "{50830315-D033-4348-A93E-9788DC6F7D49}"
EndProject
Project("{2150E333-8FDC-42A3-9474-1A3956D46DE8}") = "03 BlazorApp", "03 BlazorApp", "{6ED8325D-E387-4779-99B9-A94BF0C3002B}"
EndProject
Project("{FAE04EC0-301F-11D3-BF4B-00C04F79EFBC}") = "QwackX.Blazor.Domain", "QwackX.Blazor.Domain\QwackX.Blazor.Domain.csproj", "{AE3A0D7E-72E8-43B1-BDF7-3E0A0A76202D}"
EndProject
Project("{FAE04EC0-301F-11D3-BF4B-00C04F79EFBC}") = "QwackX.Blazor", "QwackX.Blazor\QwackX.Blazor.csproj", "{08ADA9E3-F3BB-4852-8336-BD6D6AAADADF}"
EndProject
Global
	GlobalSection(SolutionConfigurationPlatforms) = preSolution
		Debug|Any CPU = Debug|Any CPU
		Release|Any CPU = Release|Any CPU
	EndGlobalSection
	GlobalSection(ProjectConfigurationPlatforms) = postSolution
		{AE527F73-D313-4432-9516-F77DF110BB03}.Debug|Any CPU.ActiveCfg = Debug|Any CPU
		{AE527F73-D313-4432-9516-F77DF110BB03}.Debug|Any CPU.Build.0 = Debug|Any CPU
		{AE527F73-D313-4432-9516-F77DF110BB03}.Release|Any CPU.ActiveCfg = Release|Any CPU
		{AE527F73-D313-4432-9516-F77DF110BB03}.Release|Any CPU.Build.0 = Release|Any CPU
		{853C840F-A9C5-4570-8913-D928D1C922CF}.Debug|Any CPU.ActiveCfg = Debug|Any CPU
		{853C840F-A9C5-4570-8913-D928D1C922CF}.Debug|Any CPU.Build.0 = Debug|Any CPU
		{853C840F-A9C5-4570-8913-D928D1C922CF}.Release|Any CPU.ActiveCfg = Release|Any CPU
		{853C840F-A9C5-4570-8913-D928D1C922CF}.Release|Any CPU.Build.0 = Release|Any CPU
		{50830315-D033-4348-A93E-9788DC6F7D49}.Debug|Any CPU.ActiveCfg = Debug|Any CPU
		{50830315-D033-4348-A93E-9788DC6F7D49}.Debug|Any CPU.Build.0 = Debug|Any CPU
		{50830315-D033-4348-A93E-9788DC6F7D49}.Release|Any CPU.ActiveCfg = Release|Any CPU
		{50830315-D033-4348-A93E-9788DC6F7D49}.Release|Any CPU.Build.0 = Release|Any CPU
		{AE3A0D7E-72E8-43B1-BDF7-3E0A0A76202D}.Debug|Any CPU.ActiveCfg = Debug|Any CPU
		{AE3A0D7E-72E8-43B1-BDF7-3E0A0A76202D}.Debug|Any CPU.Build.0 = Debug|Any CPU
		{AE3A0D7E-72E8-43B1-BDF7-3E0A0A76202D}.Release|Any CPU.ActiveCfg = Release|Any CPU
		{AE3A0D7E-72E8-43B1-BDF7-3E0A0A76202D}.Release|Any CPU.Build.0 = Release|Any CPU
		{08ADA9E3-F3BB-4852-8336-BD6D6AAADADF}.Debug|Any CPU.ActiveCfg = Debug|Any CPU
		{08ADA9E3-F3BB-4852-8336-BD6D6AAADADF}.Debug|Any CPU.Build.0 = Debug|Any CPU
		{08ADA9E3-F3BB-4852-8336-BD6D6AAADADF}.Release|Any CPU.ActiveCfg = Release|Any CPU
		{08ADA9E3-F3BB-4852-8336-BD6D6AAADADF}.Release|Any CPU.Build.0 = Release|Any CPU
	EndGlobalSection
	GlobalSection(NestedProjects) = preSolution
		{AE527F73-D313-4432-9516-F77DF110BB03} = {BC6C70FB-63B8-4C73-A9C0-D0D7135BBC76}
		{50830315-D033-4348-A93E-9788DC6F7D49} = {71BAAD93-43F2-4BA7-BC15-352F14CA3B54}
		{853C840F-A9C5-4570-8913-D928D1C922CF} = {71BAAD93-43F2-4BA7-BC15-352F14CA3B54}
		{AE3A0D7E-72E8-43B1-BDF7-3E0A0A76202D} = {6ED8325D-E387-4779-99B9-A94BF0C3002B}
		{08ADA9E3-F3BB-4852-8336-BD6D6AAADADF} = {6ED8325D-E387-4779-99B9-A94BF0C3002B}
	EndGlobalSection
EndGlobal
